PODS:
  - DragDropUI (1.0.4)
  - Nimble (8.0.4)
  - Quick (2.2.0)

DEPENDENCIES:
  - DragDropUI (from `.`)
  - Nimble
  - Quick

SPEC REPOS:
  trunk:
    - Nimble
    - Quick

EXTERNAL SOURCES:
  DragDropUI:
    :path: "."

SPEC CHECKSUMS:
  DragDropUI: b415f5e9ee88f6f87249f8b16f6fec68f0449037
  Nimble: 18d5360282923225d62b09d781f63abc1a0111fc
  Quick: 7fb19e13be07b5dfb3b90d4f9824c855a11af40e

PODFILE CHECKSUM: 62e263c2371de9ef205cd56901a30b0bb04b6ecb

COCOAPODS: 1.8.4
