// !$*UTF8*$!
{
	archiveVersion = 1;
	classes = {
	};
	objectVersion = 46;
	objects = {

/* Begin PBXBuildFile section */
		1C0BD6451F46DD0F001A4201 /* DragDropUI.framework in Frameworks */ = {isa = PBXBuildFile; fileRef = 1C0BD63C1F46DD0F001A4201 /* DragDropUI.framework */; };
		1C0BD65F1F46E0D4001A4201 /* DD+View.swift in Sources */ = {isa = PBXBuildFile; fileRef = 1C0BD6551F46E0D4001A4201 /* DD+View.swift */; };
		1C0BD6601F46E0D4001A4201 /* DDButton.swift in Sources */ = {isa = PBXBuildFile; fileRef = 1C0BD6561F46E0D4001A4201 /* DDButton.swift */; };
		1C0BD6611F46E0D4001A4201 /* DDCollectionViewCell.swift in Sources */ = {isa = PBXBuildFile; fileRef = 1C0BD6571F46E0D4001A4201 /* DDCollectionViewCell.swift */; };
		1C0BD6621F46E0D4001A4201 /* DDGestureRecognizer.swift in Sources */ = {isa = PBXBuildFile; fileRef = 1C0BD6581F46E0D4001A4201 /* DDGestureRecognizer.swift */; };
		1C0BD6631F46E0D4001A4201 /* DDImageView.swift in Sources */ = {isa = PBXBuildFile; fileRef = 1C0BD6591F46E0D4001A4201 /* DDImageView.swift */; };
		1C0BD6641F46E0D4001A4201 /* DDLabel.swift in Sources */ = {isa = PBXBuildFile; fileRef = 1C0BD65A1F46E0D4001A4201 /* DDLabel.swift */; };
		1C0BD6651F46E0D4001A4201 /* DDProtocol.swift in Sources */ = {isa = PBXBuildFile; fileRef = 1C0BD65B1F46E0D4001A4201 /* DDProtocol.swift */; };
		1C0BD6661F46E0D4001A4201 /* DDTableViewCell.swift in Sources */ = {isa = PBXBuildFile; fileRef = 1C0BD65C1F46E0D4001A4201 /* DDTableViewCell.swift */; };
		1C0BD6671F46E0D4001A4201 /* DDTextField.swift in Sources */ = {isa = PBXBuildFile; fileRef = 1C0BD65D1F46E0D4001A4201 /* DDTextField.swift */; };
		1C0BD6681F46E0D4001A4201 /* DDView.swift in Sources */ = {isa = PBXBuildFile; fileRef = 1C0BD65E1F46E0D4001A4201 /* DDView.swift */; };
		1C0BD6A21F46E331001A4201 /* DD+ViewTests.swift in Sources */ = {isa = PBXBuildFile; fileRef = A4F58F661DF0BCCA00BCAB13 /* DD+ViewTests.swift */; };
		1C0BD6A31F46E331001A4201 /* DDViewTests.swift in Sources */ = {isa = PBXBuildFile; fileRef = A4932B7E1DD7530900D3839E /* DDViewTests.swift */; };
		1C0BD6A41F46E331001A4201 /* DDButtonTests.swift in Sources */ = {isa = PBXBuildFile; fileRef = A4F58F601DF0BB1C00BCAB13 /* DDButtonTests.swift */; };
		1C0BD6A51F46E331001A4201 /* DDLabelTests.swift in Sources */ = {isa = PBXBuildFile; fileRef = A4F58F621DF0BBB100BCAB13 /* DDLabelTests.swift */; };
		1C0BD6A61F46E331001A4201 /* DDImageViewTests.swift in Sources */ = {isa = PBXBuildFile; fileRef = A4F58F641DF0BC2B00BCAB13 /* DDImageViewTests.swift */; };
		1C0BD6A71F46E331001A4201 /* DDTextFieldTests.swift in Sources */ = {isa = PBXBuildFile; fileRef = A4030BDE1E41305C007502FC /* DDTextFieldTests.swift */; };
		7FD47001A68942896F5AEDCA /* Pods_DragDropUI.framework in Frameworks */ = {isa = PBXBuildFile; fileRef = 635F35D602743F903596C2F5 /* Pods_DragDropUI.framework */; };
		DF2CCA30AF03D1CCD97D4F28 /* Pods_DragDropUITests.framework in Frameworks */ = {isa = PBXBuildFile; fileRef = 3FCA3FAFB636F325744E3A35 /* Pods_DragDropUITests.framework */; };
/* End PBXBuildFile section */

/* Begin PBXContainerItemProxy section */
		1C0BD6461F46DD0F001A4201 /* PBXContainerItemProxy */ = {
			isa = PBXContainerItemProxy;
			containerPortal = A42E18791DCF2DBD008913BD /* Project object */;
			proxyType = 1;
			remoteGlobalIDString = 1C0BD63B1F46DD0F001A4201;
			remoteInfo = DragDropUI;
		};
/* End PBXContainerItemProxy section */

/* Begin PBXFileReference section */
		1C0BD63C1F46DD0F001A4201 /* DragDropUI.framework */ = {isa = PBXFileReference; explicitFileType = wrapper.framework; includeInIndex = 0; path = DragDropUI.framework; sourceTree = BUILT_PRODUCTS_DIR; };
		1C0BD6441F46DD0F001A4201 /* DragDropUITests.xctest */ = {isa = PBXFileReference; explicitFileType = wrapper.cfbundle; includeInIndex = 0; path = DragDropUITests.xctest; sourceTree = BUILT_PRODUCTS_DIR; };
		1C0BD6531F46E036001A4201 /* Info.plist */ = {isa = PBXFileReference; fileEncoding = 4; lastKnownFileType = text.plist.xml; path = Info.plist; sourceTree = "<group>"; };
		1C0BD6551F46E0D4001A4201 /* DD+View.swift */ = {isa = PBXFileReference; fileEncoding = 4; lastKnownFileType = sourcecode.swift; path = "DD+View.swift"; sourceTree = "<group>"; };
		1C0BD6561F46E0D4001A4201 /* DDButton.swift */ = {isa = PBXFileReference; fileEncoding = 4; lastKnownFileType = sourcecode.swift; path = DDButton.swift; sourceTree = "<group>"; };
		1C0BD6571F46E0D4001A4201 /* DDCollectionViewCell.swift */ = {isa = PBXFileReference; fileEncoding = 4; lastKnownFileType = sourcecode.swift; path = DDCollectionViewCell.swift; sourceTree = "<group>"; };
		1C0BD6581F46E0D4001A4201 /* DDGestureRecognizer.swift */ = {isa = PBXFileReference; fileEncoding = 4; lastKnownFileType = sourcecode.swift; path = DDGestureRecognizer.swift; sourceTree = "<group>"; };
		1C0BD6591F46E0D4001A4201 /* DDImageView.swift */ = {isa = PBXFileReference; fileEncoding = 4; lastKnownFileType = sourcecode.swift; path = DDImageView.swift; sourceTree = "<group>"; };
		1C0BD65A1F46E0D4001A4201 /* DDLabel.swift */ = {isa = PBXFileReference; fileEncoding = 4; lastKnownFileType = sourcecode.swift; path = DDLabel.swift; sourceTree = "<group>"; };
		1C0BD65B1F46E0D4001A4201 /* DDProtocol.swift */ = {isa = PBXFileReference; fileEncoding = 4; lastKnownFileType = sourcecode.swift; path = DDProtocol.swift; sourceTree = "<group>"; };
		1C0BD65C1F46E0D4001A4201 /* DDTableViewCell.swift */ = {isa = PBXFileReference; fileEncoding = 4; lastKnownFileType = sourcecode.swift; path = DDTableViewCell.swift; sourceTree = "<group>"; };
		1C0BD65D1F46E0D4001A4201 /* DDTextField.swift */ = {isa = PBXFileReference; fileEncoding = 4; lastKnownFileType = sourcecode.swift; path = DDTextField.swift; sourceTree = "<group>"; };
		1C0BD65E1F46E0D4001A4201 /* DDView.swift */ = {isa = PBXFileReference; fileEncoding = 4; lastKnownFileType = sourcecode.swift; path = DDView.swift; sourceTree = "<group>"; };
		1C0BD6691F46E129001A4201 /* DragDropUI.h */ = {isa = PBXFileReference; lastKnownFileType = sourcecode.c.h; path = DragDropUI.h; sourceTree = "<group>"; };
		3FCA3FAFB636F325744E3A35 /* Pods_DragDropUITests.framework */ = {isa = PBXFileReference; explicitFileType = wrapper.framework; includeInIndex = 0; path = Pods_DragDropUITests.framework; sourceTree = BUILT_PRODUCTS_DIR; };
		635F35D602743F903596C2F5 /* Pods_DragDropUI.framework */ = {isa = PBXFileReference; explicitFileType = wrapper.framework; includeInIndex = 0; path = Pods_DragDropUI.framework; sourceTree = BUILT_PRODUCTS_DIR; };
		8D01968AAB3317909B6013CA /* Pods-DragDropUI.release.xcconfig */ = {isa = PBXFileReference; includeInIndex = 1; lastKnownFileType = text.xcconfig; name = "Pods-DragDropUI.release.xcconfig"; path = "Pods/Target Support Files/Pods-DragDropUI/Pods-DragDropUI.release.xcconfig"; sourceTree = "<group>"; };
		A4030BDE1E41305C007502FC /* DDTextFieldTests.swift */ = {isa = PBXFileReference; fileEncoding = 4; lastKnownFileType = sourcecode.swift; path = DDTextFieldTests.swift; sourceTree = "<group>"; };
		A4836E481F4978AD000C93FF /* Info.plist */ = {isa = PBXFileReference; fileEncoding = 4; lastKnownFileType = text.plist.xml; path = Info.plist; sourceTree = "<group>"; };
		A4932B7E1DD7530900D3839E /* DDViewTests.swift */ = {isa = PBXFileReference; fileEncoding = 4; lastKnownFileType = sourcecode.swift; path = DDViewTests.swift; sourceTree = "<group>"; };
		A4F58F601DF0BB1C00BCAB13 /* DDButtonTests.swift */ = {isa = PBXFileReference; fileEncoding = 4; lastKnownFileType = sourcecode.swift; path = DDButtonTests.swift; sourceTree = "<group>"; };
		A4F58F621DF0BBB100BCAB13 /* DDLabelTests.swift */ = {isa = PBXFileReference; fileEncoding = 4; lastKnownFileType = sourcecode.swift; path = DDLabelTests.swift; sourceTree = "<group>"; };
		A4F58F641DF0BC2B00BCAB13 /* DDImageViewTests.swift */ = {isa = PBXFileReference; fileEncoding = 4; lastKnownFileType = sourcecode.swift; path = DDImageViewTests.swift; sourceTree = "<group>"; };
		A4F58F661DF0BCCA00BCAB13 /* DD+ViewTests.swift */ = {isa = PBXFileReference; fileEncoding = 4; lastKnownFileType = sourcecode.swift; path = "DD+ViewTests.swift"; sourceTree = "<group>"; };
		BF780DB903A875FEA2B00B4C /* Pods-DragDropUI.debug.xcconfig */ = {isa = PBXFileReference; includeInIndex = 1; lastKnownFileType = text.xcconfig; name = "Pods-DragDropUI.debug.xcconfig"; path = "Pods/Target Support Files/Pods-DragDropUI/Pods-DragDropUI.debug.xcconfig"; sourceTree = "<group>"; };
		DA73146253FAA0DF4B5F5E41 /* Pods-DragDropUITests.debug.xcconfig */ = {isa = PBXFileReference; includeInIndex = 1; lastKnownFileType = text.xcconfig; name = "Pods-DragDropUITests.debug.xcconfig"; path = "Pods/Target Support Files/Pods-DragDropUITests/Pods-DragDropUITests.debug.xcconfig"; sourceTree = "<group>"; };
		E437CD21FEFB9364CE4BAA59 /* Pods-DragDropUITests.release.xcconfig */ = {isa = PBXFileReference; includeInIndex = 1; lastKnownFileType = text.xcconfig; name = "Pods-DragDropUITests.release.xcconfig"; path = "Pods/Target Support Files/Pods-DragDropUITests/Pods-DragDropUITests.release.xcconfig"; sourceTree = "<group>"; };
/* End PBXFileReference section */

/* Begin PBXFrameworksBuildPhase section */
		1C0BD6381F46DD0F001A4201 /* Frameworks */ = {
			isa = PBXFrameworksBuildPhase;
			buildActionMask = 2147483647;
			files = (
				7FD47001A68942896F5AEDCA /* Pods_DragDropUI.framework in Frameworks */,
			);
			runOnlyForDeploymentPostprocessing = 0;
		};
		1C0BD6411F46DD0F001A4201 /* Frameworks */ = {
			isa = PBXFrameworksBuildPhase;
			buildActionMask = 2147483647;
			files = (
				1C0BD6451F46DD0F001A4201 /* DragDropUI.framework in Frameworks */,
				DF2CCA30AF03D1CCD97D4F28 /* Pods_DragDropUITests.framework in Frameworks */,
			);
			runOnlyForDeploymentPostprocessing = 0;
		};
/* End PBXFrameworksBuildPhase section */

/* Begin PBXGroup section */
		1C0BD63D1F46DD0F001A4201 /* DragDropUI */ = {
			isa = PBXGroup;
			children = (
				A4836E481F4978AD000C93FF /* Info.plist */,
				1C0BD6691F46E129001A4201 /* DragDropUI.h */,
				1C0BD6551F46E0D4001A4201 /* DD+View.swift */,
				1C0BD6561F46E0D4001A4201 /* DDButton.swift */,
				1C0BD6571F46E0D4001A4201 /* DDCollectionViewCell.swift */,
				1C0BD6581F46E0D4001A4201 /* DDGestureRecognizer.swift */,
				1C0BD6591F46E0D4001A4201 /* DDImageView.swift */,
				1C0BD65A1F46E0D4001A4201 /* DDLabel.swift */,
				1C0BD65B1F46E0D4001A4201 /* DDProtocol.swift */,
				1C0BD65C1F46E0D4001A4201 /* DDTableViewCell.swift */,
				1C0BD65D1F46E0D4001A4201 /* DDTextField.swift */,
				1C0BD65E1F46E0D4001A4201 /* DDView.swift */,
			);
			path = DragDropUI;
			sourceTree = "<group>";
		};
		1C0BD6481F46DD0F001A4201 /* DragDropUITests */ = {
			isa = PBXGroup;
			children = (
				A4F58F661DF0BCCA00BCAB13 /* DD+ViewTests.swift */,
				A4932B7E1DD7530900D3839E /* DDViewTests.swift */,
				A4F58F601DF0BB1C00BCAB13 /* DDButtonTests.swift */,
				A4F58F621DF0BBB100BCAB13 /* DDLabelTests.swift */,
				A4F58F641DF0BC2B00BCAB13 /* DDImageViewTests.swift */,
				A4030BDE1E41305C007502FC /* DDTextFieldTests.swift */,
				1C0BD6531F46E036001A4201 /* Info.plist */,
			);
			path = DragDropUITests;
			sourceTree = "<group>";
		};
		A42E18781DCF2DBD008913BD = {
			isa = PBXGroup;
			children = (
				1C0BD63D1F46DD0F001A4201 /* DragDropUI */,
				1C0BD6481F46DD0F001A4201 /* DragDropUITests */,
				A42E18821DCF2DBD008913BD /* Products */,
				FA04426D13A160C1D85F3691 /* Pods */,
				BBA92748B2C08355E23311D9 /* Frameworks */,
			);
			sourceTree = "<group>";
		};
		A42E18821DCF2DBD008913BD /* Products */ = {
			isa = PBXGroup;
			children = (
				1C0BD63C1F46DD0F001A4201 /* DragDropUI.framework */,
				1C0BD6441F46DD0F001A4201 /* DragDropUITests.xctest */,
			);
			name = Products;
			sourceTree = "<group>";
		};
		BBA92748B2C08355E23311D9 /* Frameworks */ = {
			isa = PBXGroup;
			children = (
				635F35D602743F903596C2F5 /* Pods_DragDropUI.framework */,
				3FCA3FAFB636F325744E3A35 /* Pods_DragDropUITests.framework */,
			);
			name = Frameworks;
			sourceTree = "<group>";
		};
		FA04426D13A160C1D85F3691 /* Pods */ = {
			isa = PBXGroup;
			children = (
				BF780DB903A875FEA2B00B4C /* Pods-DragDropUI.debug.xcconfig */,
				8D01968AAB3317909B6013CA /* Pods-DragDropUI.release.xcconfig */,
				DA73146253FAA0DF4B5F5E41 /* Pods-DragDropUITests.debug.xcconfig */,
				E437CD21FEFB9364CE4BAA59 /* Pods-DragDropUITests.release.xcconfig */,
			);
			name = Pods;
			sourceTree = "<group>";
		};
/* End PBXGroup section */

/* Begin PBXHeadersBuildPhase section */
		1C0BD6391F46DD0F001A4201 /* Headers */ = {
			isa = PBXHeadersBuildPhase;
			buildActionMask = 2147483647;
			files = (
			);
			runOnlyForDeploymentPostprocessing = 0;
		};
/* End PBXHeadersBuildPhase section */

/* Begin PBXNativeTarget section */
		1C0BD63B1F46DD0F001A4201 /* DragDropUI */ = {
			isa = PBXNativeTarget;
			buildConfigurationList = 1C0BD64D1F46DD0F001A4201 /* Build configuration list for PBXNativeTarget "DragDropUI" */;
			buildPhases = (
				82B076470479C42B9804E5B1 /* [CP] Check Pods Manifest.lock */,
				1C0BD6371F46DD0F001A4201 /* Sources */,
				1C0BD6381F46DD0F001A4201 /* Frameworks */,
				1C0BD6391F46DD0F001A4201 /* Headers */,
				1C0BD63A1F46DD0F001A4201 /* Resources */,
				C99F0ED3C981DC20771CF5BF /* [CP] Copy Pods Resources */,
			);
			buildRules = (
			);
			dependencies = (
			);
			name = DragDropUI;
			productName = DragDropUI;
			productReference = 1C0BD63C1F46DD0F001A4201 /* DragDropUI.framework */;
			productType = "com.apple.product-type.framework";
		};
		1C0BD6431F46DD0F001A4201 /* DragDropUITests */ = {
			isa = PBXNativeTarget;
			buildConfigurationList = 1C0BD6501F46DD0F001A4201 /* Build configuration list for PBXNativeTarget "DragDropUITests" */;
			buildPhases = (
				8D92E9AA58D4CE2316B36FD6 /* [CP] Check Pods Manifest.lock */,
				1C0BD6401F46DD0F001A4201 /* Sources */,
				1C0BD6411F46DD0F001A4201 /* Frameworks */,
				1C0BD6421F46DD0F001A4201 /* Resources */,
				C328583FA2A35A923581F169 /* [CP] Embed Pods Frameworks */,
				FF5BD5EBE13EFEAD52EDAA3B /* [CP] Copy Pods Resources */,
			);
			buildRules = (
			);
			dependencies = (
				1C0BD6471F46DD0F001A4201 /* PBXTargetDependency */,
			);
			name = DragDropUITests;
			productName = DragDropUITests;
			productReference = 1C0BD6441F46DD0F001A4201 /* DragDropUITests.xctest */;
			productType = "com.apple.product-type.bundle.unit-test";
		};
/* End PBXNativeTarget section */

/* Begin PBXProject section */
		A42E18791DCF2DBD008913BD /* Project object */ = {
			isa = PBXProject;
			attributes = {
				LastSwiftUpdateCheck = 0830;
				LastUpgradeCheck = 0930;
				ORGANIZATIONNAME = "Abdullah Selek";
				TargetAttributes = {
					1C0BD63B1F46DD0F001A4201 = {
						CreatedOnToolsVersion = 8.3.3;
						LastSwiftMigration = 0900;
						ProvisioningStyle = Automatic;
					};
					1C0BD6431F46DD0F001A4201 = {
						CreatedOnToolsVersion = 8.3.3;
						LastSwiftMigration = 0900;
						ProvisioningStyle = Automatic;
					};
				};
			};
			buildConfigurationList = A42E187C1DCF2DBD008913BD /* Build configuration list for PBXProject "DragDropUI" */;
			compatibilityVersion = "Xcode 3.2";
			developmentRegion = English;
			hasScannedForEncodings = 0;
			knownRegions = (
				en,
				Base,
			);
			mainGroup = A42E18781DCF2DBD008913BD;
			productRefGroup = A42E18821DCF2DBD008913BD /* Products */;
			projectDirPath = "";
			projectRoot = "";
			targets = (
				1C0BD63B1F46DD0F001A4201 /* DragDropUI */,
				1C0BD6431F46DD0F001A4201 /* DragDropUITests */,
			);
		};
/* End PBXProject section */

/* Begin PBXResourcesBuildPhase section */
		1C0BD63A1F46DD0F001A4201 /* Resources */ = {
			isa = PBXResourcesBuildPhase;
			buildActionMask = 2147483647;
			files = (
			);
			runOnlyForDeploymentPostprocessing = 0;
		};
		1C0BD6421F46DD0F001A4201 /* Resources */ = {
			isa = PBXResourcesBuildPhase;
			buildActionMask = 2147483647;
			files = (
			);
			runOnlyForDeploymentPostprocessing = 0;
		};
/* End PBXResourcesBuildPhase section */

/* Begin PBXShellScriptBuildPhase section */
		82B076470479C42B9804E5B1 /* [CP] Check Pods Manifest.lock */ = {
			isa = PBXShellScriptBuildPhase;
			buildActionMask = 2147483647;
			files = (
			);
			inputPaths = (
				"${PODS_PODFILE_DIR_PATH}/Podfile.lock",
				"${PODS_ROOT}/Manifest.lock",
			);
			name = "[CP] Check Pods Manifest.lock";
			outputPaths = (
				"$(DERIVED_FILE_DIR)/Pods-DragDropUI-checkManifestLockResult.txt",
			);
			runOnlyForDeploymentPostprocessing = 0;
			shellPath = /bin/sh;
			shellScript = "diff \"${PODS_PODFILE_DIR_PATH}/Podfile.lock\" \"${PODS_ROOT}/Manifest.lock\" > /dev/null\nif [ $? != 0 ] ; then\n    # print error to STDERR\n    echo \"error: The sandbox is not in sync with the Podfile.lock. Run 'pod install' or update your CocoaPods installation.\" >&2\n    exit 1\nfi\n# This output is used by Xcode 'outputs' to avoid re-running this script phase.\necho \"SUCCESS\" > \"${SCRIPT_OUTPUT_FILE_0}\"\n";
			showEnvVarsInLog = 0;
		};
		8D92E9AA58D4CE2316B36FD6 /* [CP] Check Pods Manifest.lock */ = {
			isa = PBXShellScriptBuildPhase;
			buildActionMask = 2147483647;
			files = (
			);
			inputPaths = (
				"${PODS_PODFILE_DIR_PATH}/Podfile.lock",
				"${PODS_ROOT}/Manifest.lock",
			);
			name = "[CP] Check Pods Manifest.lock";
			outputPaths = (
				"$(DERIVED_FILE_DIR)/Pods-DragDropUITests-checkManifestLockResult.txt",
			);
			runOnlyForDeploymentPostprocessing = 0;
			shellPath = /bin/sh;
			shellScript = "diff \"${PODS_PODFILE_DIR_PATH}/Podfile.lock\" \"${PODS_ROOT}/Manifest.lock\" > /dev/null\nif [ $? != 0 ] ; then\n    # print error to STDERR\n    echo \"error: The sandbox is not in sync with the Podfile.lock. Run 'pod install' or update your CocoaPods installation.\" >&2\n    exit 1\nfi\n# This output is used by Xcode 'outputs' to avoid re-running this script phase.\necho \"SUCCESS\" > \"${SCRIPT_OUTPUT_FILE_0}\"\n";
			showEnvVarsInLog = 0;
		};
		C328583FA2A35A923581F169 /* [CP] Embed Pods Frameworks */ = {
			isa = PBXShellScriptBuildPhase;
			buildActionMask = 2147483647;
			files = (
			);
			inputPaths = (
				"${SRCROOT}/Pods/Target Support Files/Pods-DragDropUITests/Pods-DragDropUITests-frameworks.sh",
				"${BUILT_PRODUCTS_DIR}/Nimble/Nimble.framework",
				"${BUILT_PRODUCTS_DIR}/Quick/Quick.framework",
			);
			name = "[CP] Embed Pods Frameworks";
			outputPaths = (
				"${TARGET_BUILD_DIR}/${FRAMEWORKS_FOLDER_PATH}/Nimble.framework",
				"${TARGET_BUILD_DIR}/${FRAMEWORKS_FOLDER_PATH}/Quick.framework",
			);
			runOnlyForDeploymentPostprocessing = 0;
			shellPath = /bin/sh;
			shellScript = "\"${SRCROOT}/Pods/Target Support Files/Pods-DragDropUITests/Pods-DragDropUITests-frameworks.sh\"\n";
			showEnvVarsInLog = 0;
		};
		C99F0ED3C981DC20771CF5BF /* [CP] Copy Pods Resources */ = {
			isa = PBXShellScriptBuildPhase;
			buildActionMask = 2147483647;
			files = (
			);
			inputPaths = (
			);
			name = "[CP] Copy Pods Resources";
			outputPaths = (
			);
			runOnlyForDeploymentPostprocessing = 0;
			shellPath = /bin/sh;
			shellScript = "\"${SRCROOT}/Pods/Target Support Files/Pods-DragDropUI/Pods-DragDropUI-resources.sh\"\n";
			showEnvVarsInLog = 0;
		};
		FF5BD5EBE13EFEAD52EDAA3B /* [CP] Copy Pods Resources */ = {
			isa = PBXShellScriptBuildPhase;
			buildActionMask = 2147483647;
			files = (
			);
			inputPaths = (
			);
			name = "[CP] Copy Pods Resources";
			outputPaths = (
			);
			runOnlyForDeploymentPostprocessing = 0;
			shellPath = /bin/sh;
			shellScript = "\"${SRCROOT}/Pods/Target Support Files/Pods-DragDropUITests/Pods-DragDropUITests-resources.sh\"\n";
			showEnvVarsInLog = 0;
		};
/* End PBXShellScriptBuildPhase section */

/* Begin PBXSourcesBuildPhase section */
		1C0BD6371F46DD0F001A4201 /* Sources */ = {
			isa = PBXSourcesBuildPhase;
			buildActionMask = 2147483647;
			files = (
				1C0BD65F1F46E0D4001A4201 /* DD+View.swift in Sources */,
				1C0BD6651F46E0D4001A4201 /* DDProtocol.swift in Sources */,
				1C0BD6601F46E0D4001A4201 /* DDButton.swift in Sources */,
				1C0BD6661F46E0D4001A4201 /* DDTableViewCell.swift in Sources */,
				1C0BD6631F46E0D4001A4201 /* DDImageView.swift in Sources */,
				1C0BD6611F46E0D4001A4201 /* DDCollectionViewCell.swift in Sources */,
				1C0BD6681F46E0D4001A4201 /* DDView.swift in Sources */,
				1C0BD6641F46E0D4001A4201 /* DDLabel.swift in Sources */,
				1C0BD6621F46E0D4001A4201 /* DDGestureRecognizer.swift in Sources */,
				1C0BD6671F46E0D4001A4201 /* DDTextField.swift in Sources */,
			);
			runOnlyForDeploymentPostprocessing = 0;
		};
		1C0BD6401F46DD0F001A4201 /* Sources */ = {
			isa = PBXSourcesBuildPhase;
			buildActionMask = 2147483647;
			files = (
				1C0BD6A21F46E331001A4201 /* DD+ViewTests.swift in Sources */,
				1C0BD6A31F46E331001A4201 /* DDViewTests.swift in Sources */,
				1C0BD6A41F46E331001A4201 /* DDButtonTests.swift in Sources */,
				1C0BD6A51F46E331001A4201 /* DDLabelTests.swift in Sources */,
				1C0BD6A61F46E331001A4201 /* DDImageViewTests.swift in Sources */,
				1C0BD6A71F46E331001A4201 /* DDTextFieldTests.swift in Sources */,
			);
			runOnlyForDeploymentPostprocessing = 0;
		};
/* End PBXSourcesBuildPhase section */

/* Begin PBXTargetDependency section */
		1C0BD6471F46DD0F001A4201 /* PBXTargetDependency */ = {
			isa = PBXTargetDependency;
			target = 1C0BD63B1F46DD0F001A4201 /* DragDropUI */;
			targetProxy = 1C0BD6461F46DD0F001A4201 /* PBXContainerItemProxy */;
		};
/* End PBXTargetDependency section */

/* Begin XCBuildConfiguration section */
		1C0BD64E1F46DD0F001A4201 /* Debug */ = {
			isa = XCBuildConfiguration;
			baseConfigurationReference = BF780DB903A875FEA2B00B4C /* Pods-DragDropUI.debug.xcconfig */;
			buildSettings = {
				CLANG_ANALYZER_NUMBER_OBJECT_CONVERSION = YES_AGGRESSIVE;
				CLANG_ENABLE_MODULES = YES;
				CLANG_WARN_SUSPICIOUS_MOVE = YES;
				CODE_SIGN_IDENTITY = "";
				CURRENT_PROJECT_VERSION = 1;
				DEFINES_MODULE = YES;
				DYLIB_COMPATIBILITY_VERSION = 1;
				DYLIB_CURRENT_VERSION = 1;
				DYLIB_INSTALL_NAME_BASE = "@rpath";
				INFOPLIST_FILE = DragDropUI/Info.plist;
				INSTALL_PATH = "$(LOCAL_LIBRARY_DIR)/Frameworks";
				IPHONEOS_DEPLOYMENT_TARGET = 9.0;
				LD_RUNPATH_SEARCH_PATHS = "$(inherited) @executable_path/Frameworks @loader_path/Frameworks";
				PRODUCT_BUNDLE_IDENTIFIER = com.abdullahselek.DragDropUI;
				PRODUCT_NAME = "$(TARGET_NAME)";
				SKIP_INSTALL = YES;
				SWIFT_OPTIMIZATION_LEVEL = "-Onone";
				SWIFT_SWIFT3_OBJC_INFERENCE = Default;
				SWIFT_VERSION = 4.0;
				VERSIONING_SYSTEM = "apple-generic";
				VERSION_INFO_PREFIX = "";
			};
			name = Debug;
		};
		1C0BD64F1F46DD0F001A4201 /* Release */ = {
			isa = XCBuildConfiguration;
			baseConfigurationReference = 8D01968AAB3317909B6013CA /* Pods-DragDropUI.release.xcconfig */;
			buildSettings = {
				CLANG_ANALYZER_NUMBER_OBJECT_CONVERSION = YES_AGGRESSIVE;
				CLANG_ENABLE_MODULES = YES;
				CLANG_WARN_SUSPICIOUS_MOVE = YES;
				CODE_SIGN_IDENTITY = "";
				CURRENT_PROJECT_VERSION = 1;
				DEFINES_MODULE = YES;
				DYLIB_COMPATIBILITY_VERSION = 1;
				DYLIB_CURRENT_VERSION = 1;
				DYLIB_INSTALL_NAME_BASE = "@rpath";
				INFOPLIST_FILE = DragDropUI/Info.plist;
				INSTALL_PATH = "$(LOCAL_LIBRARY_DIR)/Frameworks";
				IPHONEOS_DEPLOYMENT_TARGET = 9.0;
				LD_RUNPATH_SEARCH_PATHS = "$(inherited) @executable_path/Frameworks @loader_path/Frameworks";
				PRODUCT_BUNDLE_IDENTIFIER = com.abdullahselek.DragDropUI;
				PRODUCT_NAME = "$(TARGET_NAME)";
				SKIP_INSTALL = YES;
				SWIFT_SWIFT3_OBJC_INFERENCE = Default;
				SWIFT_VERSION = 4.0;
				VERSIONING_SYSTEM = "apple-generic";
				VERSION_INFO_PREFIX = "";
			};
			name = Release;
		};
		1C0BD6511F46DD0F001A4201 /* Debug */ = {
			isa = XCBuildConfiguration;
			baseConfigurationReference = DA73146253FAA0DF4B5F5E41 /* Pods-DragDropUITests.debug.xcconfig */;
			buildSettings = {
				CLANG_ANALYZER_NUMBER_OBJECT_CONVERSION = YES_AGGRESSIVE;
				CLANG_WARN_SUSPICIOUS_MOVE = YES;
				INFOPLIST_FILE = DragDropUITests/Info.plist;
				IPHONEOS_DEPLOYMENT_TARGET = 10.3;
				LD_RUNPATH_SEARCH_PATHS = "$(inherited) @executable_path/Frameworks @loader_path/Frameworks";
				PRODUCT_BUNDLE_IDENTIFIER = com.abdullahselek.DragDropUITests;
				PRODUCT_NAME = "$(TARGET_NAME)";
				SWIFT_SWIFT3_OBJC_INFERENCE = Default;
				SWIFT_VERSION = 4.0;
			};
			name = Debug;
		};
		1C0BD6521F46DD0F001A4201 /* Release */ = {
			isa = XCBuildConfiguration;
			baseConfigurationReference = E437CD21FEFB9364CE4BAA59 /* Pods-DragDropUITests.release.xcconfig */;
			buildSettings = {
				CLANG_ANALYZER_NUMBER_OBJECT_CONVERSION = YES_AGGRESSIVE;
				CLANG_WARN_SUSPICIOUS_MOVE = YES;
				INFOPLIST_FILE = DragDropUITests/Info.plist;
				IPHONEOS_DEPLOYMENT_TARGET = 10.3;
				LD_RUNPATH_SEARCH_PATHS = "$(inherited) @executable_path/Frameworks @loader_path/Frameworks";
				PRODUCT_BUNDLE_IDENTIFIER = com.abdullahselek.DragDropUITests;
				PRODUCT_NAME = "$(TARGET_NAME)";
				SWIFT_SWIFT3_OBJC_INFERENCE = Default;
				SWIFT_VERSION = 4.0;
			};
			name = Release;
		};
		A42E189C1DCF2DBD008913BD /* Debug */ = {
			isa = XCBuildConfiguration;
			buildSettings = {
				ALWAYS_SEARCH_USER_PATHS = NO;
				CLANG_ANALYZER_NONNULL = YES;
				CLANG_CXX_LANGUAGE_STANDARD = "gnu++0x";
				CLANG_CXX_LIBRARY = "libc++";
				CLANG_ENABLE_CODE_COVERAGE = YES;
				CLANG_ENABLE_MODULES = YES;
				CLANG_ENABLE_OBJC_ARC = YES;
				CLANG_WARN_BLOCK_CAPTURE_AUTORELEASING = YES;
				CLANG_WARN_BOOL_CONVERSION = YES;
				CLANG_WARN_COMMA = YES;
				CLANG_WARN_CONSTANT_CONVERSION = YES;
				CLANG_WARN_DEPRECATED_OBJC_IMPLEMENTATIONS = YES;
				CLANG_WARN_DIRECT_OBJC_ISA_USAGE = YES_ERROR;
				CLANG_WARN_DOCUMENTATION_COMMENTS = YES;
				CLANG_WARN_EMPTY_BODY = YES;
				CLANG_WARN_ENUM_CONVERSION = YES;
				CLANG_WARN_INFINITE_RECURSION = YES;
				CLANG_WARN_INT_CONVERSION = YES;
				CLANG_WARN_NON_LITERAL_NULL_CONVERSION = YES;
				CLANG_WARN_OBJC_IMPLICIT_RETAIN_SELF = YES;
				CLANG_WARN_OBJC_LITERAL_CONVERSION = YES;
				CLANG_WARN_OBJC_ROOT_CLASS = YES_ERROR;
				CLANG_WARN_RANGE_LOOP_ANALYSIS = YES;
				CLANG_WARN_STRICT_PROTOTYPES = YES;
				CLANG_WARN_SUSPICIOUS_MOVE = YES;
				CLANG_WARN_SUSPICIOUS_MOVES = YES;
				CLANG_WARN_UNREACHABLE_CODE = YES;
				CLANG_WARN__DUPLICATE_METHOD_MATCH = YES;
				"CODE_SIGN_IDENTITY[sdk=iphoneos*]" = "iPhone Developer";
				COPY_PHASE_STRIP = NO;
				DEBUG_INFORMATION_FORMAT = dwarf;
				ENABLE_STRICT_OBJC_MSGSEND = YES;
				ENABLE_TESTABILITY = YES;
				GCC_C_LANGUAGE_STANDARD = gnu99;
				GCC_DYNAMIC_NO_PIC = NO;
				GCC_NO_COMMON_BLOCKS = YES;
				GCC_OPTIMIZATION_LEVEL = 0;
				GCC_PREPROCESSOR_DEFINITIONS = (
					"DEBUG=1",
					"$(inherited)",
				);
				GCC_WARN_64_TO_32_BIT_CONVERSION = YES;
				GCC_WARN_ABOUT_RETURN_TYPE = YES_ERROR;
				GCC_WARN_UNDECLARED_SELECTOR = YES;
				GCC_WARN_UNINITIALIZED_AUTOS = YES_AGGRESSIVE;
				GCC_WARN_UNUSED_FUNCTION = YES;
				GCC_WARN_UNUSED_VARIABLE = YES;
				IPHONEOS_DEPLOYMENT_TARGET = 9.0;
				MTL_ENABLE_DEBUG_INFO = YES;
				ONLY_ACTIVE_ARCH = YES;
				SDKROOT = iphoneos;
				SWIFT_ACTIVE_COMPILATION_CONDITIONS = DEBUG;
				SWIFT_OPTIMIZATION_LEVEL = "-Onone";
				SWIFT_VERSION = 4.0;
				TARGETED_DEVICE_FAMILY = "1,2";
			};
			name = Debug;
		};
		A42E189D1DCF2DBD008913BD /* Release */ = {
			isa = XCBuildConfiguration;
			buildSettings = {
				ALWAYS_SEARCH_USER_PATHS = NO;
				CLANG_ANALYZER_NONNULL = YES;
				CLANG_CXX_LANGUAGE_STANDARD = "gnu++0x";
				CLANG_CXX_LIBRARY = "libc++";
				CLANG_ENABLE_CODE_COVERAGE = YES;
				CLANG_ENABLE_MODULES = YES;
				CLANG_ENABLE_OBJC_ARC = YES;
				CLANG_WARN_BLOCK_CAPTURE_AUTORELEASING = YES;
				CLANG_WARN_BOOL_CONVERSION = YES;
				CLANG_WARN_COMMA = YES;
				CLANG_WARN_CONSTANT_CONVERSION = YES;
				CLANG_WARN_DEPRECATED_OBJC_IMPLEMENTATIONS = YES;
				CLANG_WARN_DIRECT_OBJC_ISA_USAGE = YES_ERROR;
				CLANG_WARN_DOCUMENTATION_COMMENTS = YES;
				CLANG_WARN_EMPTY_BODY = YES;
				CLANG_WARN_ENUM_CONVERSION = YES;
				CLANG_WARN_INFINITE_RECURSION = YES;
				CLANG_WARN_INT_CONVERSION = YES;
				CLANG_WARN_NON_LITERAL_NULL_CONVERSION = YES;
				CLANG_WARN_OBJC_IMPLICIT_RETAIN_SELF = YES;
				CLANG_WARN_OBJC_LITERAL_CONVERSION = YES;
				CLANG_WARN_OBJC_ROOT_CLASS = YES_ERROR;
				CLANG_WARN_RANGE_LOOP_ANALYSIS = YES;
				CLANG_WARN_STRICT_PROTOTYPES = YES;
				CLANG_WARN_SUSPICIOUS_MOVE = YES;
				CLANG_WARN_SUSPICIOUS_MOVES = YES;
				CLANG_WARN_UNREACHABLE_CODE = YES;
				CLANG_WARN__DUPLICATE_METHOD_MATCH = YES;
				"CODE_SIGN_IDENTITY[sdk=iphoneos*]" = "iPhone Developer";
				COPY_PHASE_STRIP = NO;
				DEBUG_INFORMATION_FORMAT = "dwarf-with-dsym";
				ENABLE_NS_ASSERTIONS = NO;
				ENABLE_STRICT_OBJC_MSGSEND = YES;
				GCC_C_LANGUAGE_STANDARD = gnu99;
				GCC_NO_COMMON_BLOCKS = YES;
				GCC_WARN_64_TO_32_BIT_CONVERSION = YES;
				GCC_WARN_ABOUT_RETURN_TYPE = YES_ERROR;
				GCC_WARN_UNDECLARED_SELECTOR = YES;
				GCC_WARN_UNINITIALIZED_AUTOS = YES_AGGRESSIVE;
				GCC_WARN_UNUSED_FUNCTION = YES;
				GCC_WARN_UNUSED_VARIABLE = YES;
				IPHONEOS_DEPLOYMENT_TARGET = 9.0;
				MTL_ENABLE_DEBUG_INFO = NO;
				SDKROOT = iphoneos;
				SWIFT_OPTIMIZATION_LEVEL = "-Owholemodule";
				SWIFT_VERSION = 4.0;
				TARGETED_DEVICE_FAMILY = "1,2";
				VALIDATE_PRODUCT = YES;
			};
			name = Release;
		};
/* End XCBuildConfiguration section */

/* Begin XCConfigurationList section */
		1C0BD64D1F46DD0F001A4201 /* Build configuration list for PBXNativeTarget "DragDropUI" */ = {
			isa = XCConfigurationList;
			buildConfigurations = (
				1C0BD64E1F46DD0F001A4201 /* Debug */,
				1C0BD64F1F46DD0F001A4201 /* Release */,
			);
			defaultConfigurationIsVisible = 0;
			defaultConfigurationName = Release;
		};
		1C0BD6501F46DD0F001A4201 /* Build configuration list for PBXNativeTarget "DragDropUITests" */ = {
			isa = XCConfigurationList;
			buildConfigurations = (
				1C0BD6511F46DD0F001A4201 /* Debug */,
				1C0BD6521F46DD0F001A4201 /* Release */,
			);
			defaultConfigurationIsVisible = 0;
			defaultConfigurationName = Release;
		};
		A42E187C1DCF2DBD008913BD /* Build configuration list for PBXProject "DragDropUI" */ = {
			isa = XCConfigurationList;
			buildConfigurations = (
				A42E189C1DCF2DBD008913BD /* Debug */,
				A42E189D1DCF2DBD008913BD /* Release */,
			);
			defaultConfigurationIsVisible = 0;
			defaultConfigurationName = Release;
		};
/* End XCConfigurationList section */
	};
	rootObject = A42E18791DCF2DBD008913BD /* Project object */;
}
