// !$*UTF8*$!
{
	archiveVersion = 1;
	classes = {
	};
	objectVersion = 46;
	objects = {

/* Begin PBXBuildFile section */
		20637AD344BA5A2CAEAE142A /* Pods_DragDropUITests.framework in Frameworks */ = {isa = PBXBuildFile; fileRef = 90573FAC2336A48A45163B41 /* Pods_DragDropUITests.framework */; };
		A454202A1DCE962300ECFC9E /* DragDropUI.framework in Frameworks */ = {isa = PBXBuildFile; fileRef = A45420201DCE962300ECFC9E /* DragDropUI.framework */; };
		A454202F1DCE962300ECFC9E /* DragDropUITests.swift in Sources */ = {isa = PBXBuildFile; fileRef = A454202E1DCE962300ECFC9E /* DragDropUITests.swift */; };
		A45420311DCE962300ECFC9E /* DragDropUI.h in Headers */ = {isa = PBXBuildFile; fileRef = A45420231DCE962300ECFC9E /* DragDropUI.h */; settings = {ATTRIBUTES = (Public, ); }; };
		E8E881663B757F3B3638641C /* Pods_DragDropUI.framework in Frameworks */ = {isa = PBXBuildFile; fileRef = 88620FDA57BA5A7FBC9417C1 /* Pods_DragDropUI.framework */; };
/* End PBXBuildFile section */

/* Begin PBXContainerItemProxy section */
		A454202B1DCE962300ECFC9E /* PBXContainerItemProxy */ = {
			isa = PBXContainerItemProxy;
			containerPortal = A45420171DCE962300ECFC9E /* Project object */;
			proxyType = 1;
			remoteGlobalIDString = A454201F1DCE962300ECFC9E;
			remoteInfo = DragDropUI;
		};
/* End PBXContainerItemProxy section */

/* Begin PBXFileReference section */
		2C191DCA4222333283B6D66F /* Pods-DragDropUI.debug.xcconfig */ = {isa = PBXFileReference; includeInIndex = 1; lastKnownFileType = text.xcconfig; name = "Pods-DragDropUI.debug.xcconfig"; path = "Pods/Target Support Files/Pods-DragDropUI/Pods-DragDropUI.debug.xcconfig"; sourceTree = "<group>"; };
		72FCCB802003167FE647540E /* Pods-DragDropUI.release.xcconfig */ = {isa = PBXFileReference; includeInIndex = 1; lastKnownFileType = text.xcconfig; name = "Pods-DragDropUI.release.xcconfig"; path = "Pods/Target Support Files/Pods-DragDropUI/Pods-DragDropUI.release.xcconfig"; sourceTree = "<group>"; };
		88620FDA57BA5A7FBC9417C1 /* Pods_DragDropUI.framework */ = {isa = PBXFileReference; explicitFileType = wrapper.framework; includeInIndex = 0; path = Pods_DragDropUI.framework; sourceTree = BUILT_PRODUCTS_DIR; };
		8912AADA610CD1765F50AFCD /* Pods-DragDropUITests.release.xcconfig */ = {isa = PBXFileReference; includeInIndex = 1; lastKnownFileType = text.xcconfig; name = "Pods-DragDropUITests.release.xcconfig"; path = "Pods/Target Support Files/Pods-DragDropUITests/Pods-DragDropUITests.release.xcconfig"; sourceTree = "<group>"; };
		90573FAC2336A48A45163B41 /* Pods_DragDropUITests.framework */ = {isa = PBXFileReference; explicitFileType = wrapper.framework; includeInIndex = 0; path = Pods_DragDropUITests.framework; sourceTree = BUILT_PRODUCTS_DIR; };
		A41D4AEC82166194AA7D26AA /* Pods-DragDropUITests.debug.xcconfig */ = {isa = PBXFileReference; includeInIndex = 1; lastKnownFileType = text.xcconfig; name = "Pods-DragDropUITests.debug.xcconfig"; path = "Pods/Target Support Files/Pods-DragDropUITests/Pods-DragDropUITests.debug.xcconfig"; sourceTree = "<group>"; };
		A45420201DCE962300ECFC9E /* DragDropUI.framework */ = {isa = PBXFileReference; explicitFileType = wrapper.framework; includeInIndex = 0; path = DragDropUI.framework; sourceTree = BUILT_PRODUCTS_DIR; };
		A45420231DCE962300ECFC9E /* DragDropUI.h */ = {isa = PBXFileReference; lastKnownFileType = sourcecode.c.h; path = DragDropUI.h; sourceTree = "<group>"; };
		A45420241DCE962300ECFC9E /* Info.plist */ = {isa = PBXFileReference; lastKnownFileType = text.plist.xml; path = Info.plist; sourceTree = "<group>"; };
		A45420291DCE962300ECFC9E /* DragDropUITests.xctest */ = {isa = PBXFileReference; explicitFileType = wrapper.cfbundle; includeInIndex = 0; path = DragDropUITests.xctest; sourceTree = BUILT_PRODUCTS_DIR; };
		A454202E1DCE962300ECFC9E /* DragDropUITests.swift */ = {isa = PBXFileReference; lastKnownFileType = sourcecode.swift; path = DragDropUITests.swift; sourceTree = "<group>"; };
		A45420301DCE962300ECFC9E /* Info.plist */ = {isa = PBXFileReference; lastKnownFileType = text.plist.xml; path = Info.plist; sourceTree = "<group>"; };
/* End PBXFileReference section */

/* Begin PBXFrameworksBuildPhase section */
		A454201C1DCE962300ECFC9E /* Frameworks */ = {
			isa = PBXFrameworksBuildPhase;
			buildActionMask = 2147483647;
			files = (
				E8E881663B757F3B3638641C /* Pods_DragDropUI.framework in Frameworks */,
			);
			runOnlyForDeploymentPostprocessing = 0;
		};
		A45420261DCE962300ECFC9E /* Frameworks */ = {
			isa = PBXFrameworksBuildPhase;
			buildActionMask = 2147483647;
			files = (
				A454202A1DCE962300ECFC9E /* DragDropUI.framework in Frameworks */,
				20637AD344BA5A2CAEAE142A /* Pods_DragDropUITests.framework in Frameworks */,
			);
			runOnlyForDeploymentPostprocessing = 0;
		};
/* End PBXFrameworksBuildPhase section */

/* Begin PBXGroup section */
		878C7E314738B348ACEFCBC8 /* Frameworks */ = {
			isa = PBXGroup;
			children = (
				88620FDA57BA5A7FBC9417C1 /* Pods_DragDropUI.framework */,
				90573FAC2336A48A45163B41 /* Pods_DragDropUITests.framework */,
			);
			name = Frameworks;
			sourceTree = "<group>";
		};
		A45420161DCE962300ECFC9E = {
			isa = PBXGroup;
			children = (
				A45420221DCE962300ECFC9E /* DragDropUI */,
				A454202D1DCE962300ECFC9E /* DragDropUITests */,
				A45420211DCE962300ECFC9E /* Products */,
				BAF255E275766B28C32E424E /* Pods */,
				878C7E314738B348ACEFCBC8 /* Frameworks */,
			);
			sourceTree = "<group>";
		};
		A45420211DCE962300ECFC9E /* Products */ = {
			isa = PBXGroup;
			children = (
				A45420201DCE962300ECFC9E /* DragDropUI.framework */,
				A45420291DCE962300ECFC9E /* DragDropUITests.xctest */,
			);
			name = Products;
			sourceTree = "<group>";
		};
		A45420221DCE962300ECFC9E /* DragDropUI */ = {
			isa = PBXGroup;
			children = (
				A45420231DCE962300ECFC9E /* DragDropUI.h */,
				A45420241DCE962300ECFC9E /* Info.plist */,
			);
			path = DragDropUI;
			sourceTree = "<group>";
		};
		A454202D1DCE962300ECFC9E /* DragDropUITests */ = {
			isa = PBXGroup;
			children = (
				A454202E1DCE962300ECFC9E /* DragDropUITests.swift */,
				A45420301DCE962300ECFC9E /* Info.plist */,
			);
			path = DragDropUITests;
			sourceTree = "<group>";
		};
		BAF255E275766B28C32E424E /* Pods */ = {
			isa = PBXGroup;
			children = (
				2C191DCA4222333283B6D66F /* Pods-DragDropUI.debug.xcconfig */,
				72FCCB802003167FE647540E /* Pods-DragDropUI.release.xcconfig */,
				A41D4AEC82166194AA7D26AA /* Pods-DragDropUITests.debug.xcconfig */,
				8912AADA610CD1765F50AFCD /* Pods-DragDropUITests.release.xcconfig */,
			);
			name = Pods;
			sourceTree = "<group>";
		};
/* End PBXGroup section */

/* Begin PBXHeadersBuildPhase section */
		A454201D1DCE962300ECFC9E /* Headers */ = {
			isa = PBXHeadersBuildPhase;
			buildActionMask = 2147483647;
			files = (
				A45420311DCE962300ECFC9E /* DragDropUI.h in Headers */,
			);
			runOnlyForDeploymentPostprocessing = 0;
		};
/* End PBXHeadersBuildPhase section */

/* Begin PBXNativeTarget section */
		A454201F1DCE962300ECFC9E /* DragDropUI */ = {
			isa = PBXNativeTarget;
			buildConfigurationList = A45420341DCE962300ECFC9E /* Build configuration list for PBXNativeTarget "DragDropUI" */;
			buildPhases = (
				095A7C5C5537B3C823FA8C1C /* [CP] Check Pods Manifest.lock */,
				A454201B1DCE962300ECFC9E /* Sources */,
				A454201C1DCE962300ECFC9E /* Frameworks */,
				A454201D1DCE962300ECFC9E /* Headers */,
				A454201E1DCE962300ECFC9E /* Resources */,
				CF1A508D4A6EB9912D748BB3 /* [CP] Copy Pods Resources */,
			);
			buildRules = (
			);
			dependencies = (
			);
			name = DragDropUI;
			productName = DragDropUI;
			productReference = A45420201DCE962300ECFC9E /* DragDropUI.framework */;
			productType = "com.apple.product-type.framework";
		};
		A45420281DCE962300ECFC9E /* DragDropUITests */ = {
			isa = PBXNativeTarget;
			buildConfigurationList = A45420371DCE962300ECFC9E /* Build configuration list for PBXNativeTarget "DragDropUITests" */;
			buildPhases = (
				33B7CC5D2A9665C9449AED8F /* [CP] Check Pods Manifest.lock */,
				A45420251DCE962300ECFC9E /* Sources */,
				A45420261DCE962300ECFC9E /* Frameworks */,
				A45420271DCE962300ECFC9E /* Resources */,
				FEF26D70C144177948DDEA8F /* [CP] Embed Pods Frameworks */,
				3A5CC5776088F15C3630479C /* [CP] Copy Pods Resources */,
			);
			buildRules = (
			);
			dependencies = (
				A454202C1DCE962300ECFC9E /* PBXTargetDependency */,
			);
			name = DragDropUITests;
			productName = DragDropUITests;
			productReference = A45420291DCE962300ECFC9E /* DragDropUITests.xctest */;
			productType = "com.apple.product-type.bundle.unit-test";
		};
/* End PBXNativeTarget section */

/* Begin PBXProject section */
		A45420171DCE962300ECFC9E /* Project object */ = {
			isa = PBXProject;
			attributes = {
				LastSwiftUpdateCheck = 0810;
				LastUpgradeCheck = 0810;
				ORGANIZATIONNAME = "Abdullah Selek";
				TargetAttributes = {
					A454201F1DCE962300ECFC9E = {
						CreatedOnToolsVersion = 8.1;
						ProvisioningStyle = Automatic;
					};
					A45420281DCE962300ECFC9E = {
						CreatedOnToolsVersion = 8.1;
						ProvisioningStyle = Automatic;
					};
				};
			};
			buildConfigurationList = A454201A1DCE962300ECFC9E /* Build configuration list for PBXProject "DragDropUI" */;
			compatibilityVersion = "Xcode 3.2";
			developmentRegion = English;
			hasScannedForEncodings = 0;
			knownRegions = (
				en,
			);
			mainGroup = A45420161DCE962300ECFC9E;
			productRefGroup = A45420211DCE962300ECFC9E /* Products */;
			projectDirPath = "";
			projectRoot = "";
			targets = (
				A454201F1DCE962300ECFC9E /* DragDropUI */,
				A45420281DCE962300ECFC9E /* DragDropUITests */,
			);
		};
/* End PBXProject section */

/* Begin PBXResourcesBuildPhase section */
		A454201E1DCE962300ECFC9E /* Resources */ = {
			isa = PBXResourcesBuildPhase;
			buildActionMask = 2147483647;
			files = (
			);
			runOnlyForDeploymentPostprocessing = 0;
		};
		A45420271DCE962300ECFC9E /* Resources */ = {
			isa = PBXResourcesBuildPhase;
			buildActionMask = 2147483647;
			files = (
			);
			runOnlyForDeploymentPostprocessing = 0;
		};
/* End PBXResourcesBuildPhase section */

/* Begin PBXShellScriptBuildPhase section */
		095A7C5C5537B3C823FA8C1C /* [CP] Check Pods Manifest.lock */ = {
			isa = PBXShellScriptBuildPhase;
			buildActionMask = 2147483647;
			files = (
			);
			inputPaths = (
			);
			name = "[CP] Check Pods Manifest.lock";
			outputPaths = (
			);
			runOnlyForDeploymentPostprocessing = 0;
			shellPath = /bin/sh;
			shellScript = "diff \"${PODS_ROOT}/../Podfile.lock\" \"${PODS_ROOT}/Manifest.lock\" > /dev/null\nif [ $? != 0 ] ; then\n    # print error to STDERR\n    echo \"error: The sandbox is not in sync with the Podfile.lock. Run 'pod install' or update your CocoaPods installation.\" >&2\n    exit 1\nfi\n";
			showEnvVarsInLog = 0;
		};
		33B7CC5D2A9665C9449AED8F /* [CP] Check Pods Manifest.lock */ = {
			isa = PBXShellScriptBuildPhase;
			buildActionMask = 2147483647;
			files = (
			);
			inputPaths = (
			);
			name = "[CP] Check Pods Manifest.lock";
			outputPaths = (
			);
			runOnlyForDeploymentPostprocessing = 0;
			shellPath = /bin/sh;
			shellScript = "diff \"${PODS_ROOT}/../Podfile.lock\" \"${PODS_ROOT}/Manifest.lock\" > /dev/null\nif [ $? != 0 ] ; then\n    # print error to STDERR\n    echo \"error: The sandbox is not in sync with the Podfile.lock. Run 'pod install' or update your CocoaPods installation.\" >&2\n    exit 1\nfi\n";
			showEnvVarsInLog = 0;
		};
		3A5CC5776088F15C3630479C /* [CP] Copy Pods Resources */ = {
			isa = PBXShellScriptBuildPhase;
			buildActionMask = 2147483647;
			files = (
			);
			inputPaths = (
			);
			name = "[CP] Copy Pods Resources";
			outputPaths = (
			);
			runOnlyForDeploymentPostprocessing = 0;
			shellPath = /bin/sh;
			shellScript = "\"${SRCROOT}/Pods/Target Support Files/Pods-DragDropUITests/Pods-DragDropUITests-resources.sh\"\n";
			showEnvVarsInLog = 0;
		};
		CF1A508D4A6EB9912D748BB3 /* [CP] Copy Pods Resources */ = {
			isa = PBXShellScriptBuildPhase;
			buildActionMask = 2147483647;
			files = (
			);
			inputPaths = (
			);
			name = "[CP] Copy Pods Resources";
			outputPaths = (
			);
			runOnlyForDeploymentPostprocessing = 0;
			shellPath = /bin/sh;
			shellScript = "\"${SRCROOT}/Pods/Target Support Files/Pods-DragDropUI/Pods-DragDropUI-resources.sh\"\n";
			showEnvVarsInLog = 0;
		};
		FEF26D70C144177948DDEA8F /* [CP] Embed Pods Frameworks */ = {
			isa = PBXShellScriptBuildPhase;
			buildActionMask = 2147483647;
			files = (
			);
			inputPaths = (
			);
			name = "[CP] Embed Pods Frameworks";
			outputPaths = (
			);
			runOnlyForDeploymentPostprocessing = 0;
			shellPath = /bin/sh;
			shellScript = "\"${SRCROOT}/Pods/Target Support Files/Pods-DragDropUITests/Pods-DragDropUITests-frameworks.sh\"\n";
			showEnvVarsInLog = 0;
		};
/* End PBXShellScriptBuildPhase section */

/* Begin PBXSourcesBuildPhase section */
		A454201B1DCE962300ECFC9E /* Sources */ = {
			isa = PBXSourcesBuildPhase;
			buildActionMask = 2147483647;
			files = (
			);
			runOnlyForDeploymentPostprocessing = 0;
		};
		A45420251DCE962300ECFC9E /* Sources */ = {
			isa = PBXSourcesBuildPhase;
			buildActionMask = 2147483647;
			files = (
				A454202F1DCE962300ECFC9E /* DragDropUITests.swift in Sources */,
			);
			runOnlyForDeploymentPostprocessing = 0;
		};
/* End PBXSourcesBuildPhase section */

/* Begin PBXTargetDependency section */
		A454202C1DCE962300ECFC9E /* PBXTargetDependency */ = {
			isa = PBXTargetDependency;
			target = A454201F1DCE962300ECFC9E /* DragDropUI */;
			targetProxy = A454202B1DCE962300ECFC9E /* PBXContainerItemProxy */;
		};
/* End PBXTargetDependency section */

/* Begin XCBuildConfiguration section */
		A45420321DCE962300ECFC9E /* Debug */ = {
			isa = XCBuildConfiguration;
			buildSettings = {
				ALWAYS_SEARCH_USER_PATHS = NO;
				CLANG_ANALYZER_NONNULL = YES;
				CLANG_CXX_LANGUAGE_STANDARD = "gnu++0x";
				CLANG_CXX_LIBRARY = "libc++";
				CLANG_ENABLE_MODULES = YES;
				CLANG_ENABLE_OBJC_ARC = YES;
				CLANG_WARN_BOOL_CONVERSION = YES;
				CLANG_WARN_CONSTANT_CONVERSION = YES;
				CLANG_WARN_DIRECT_OBJC_ISA_USAGE = YES_ERROR;
				CLANG_WARN_DOCUMENTATION_COMMENTS = YES;
				CLANG_WARN_EMPTY_BODY = YES;
				CLANG_WARN_ENUM_CONVERSION = YES;
				CLANG_WARN_INFINITE_RECURSION = YES;
				CLANG_WARN_INT_CONVERSION = YES;
				CLANG_WARN_OBJC_ROOT_CLASS = YES_ERROR;
				CLANG_WARN_SUSPICIOUS_MOVES = YES;
				CLANG_WARN_UNREACHABLE_CODE = YES;
				CLANG_WARN__DUPLICATE_METHOD_MATCH = YES;
				"CODE_SIGN_IDENTITY[sdk=iphoneos*]" = "iPhone Developer";
				COPY_PHASE_STRIP = NO;
				CURRENT_PROJECT_VERSION = 1;
				DEBUG_INFORMATION_FORMAT = dwarf;
				ENABLE_STRICT_OBJC_MSGSEND = YES;
				ENABLE_TESTABILITY = YES;
				GCC_C_LANGUAGE_STANDARD = gnu99;
				GCC_DYNAMIC_NO_PIC = NO;
				GCC_NO_COMMON_BLOCKS = YES;
				GCC_OPTIMIZATION_LEVEL = 0;
				GCC_PREPROCESSOR_DEFINITIONS = (
					"DEBUG=1",
					"$(inherited)",
				);
				GCC_WARN_64_TO_32_BIT_CONVERSION = YES;
				GCC_WARN_ABOUT_RETURN_TYPE = YES_ERROR;
				GCC_WARN_UNDECLARED_SELECTOR = YES;
				GCC_WARN_UNINITIALIZED_AUTOS = YES_AGGRESSIVE;
				GCC_WARN_UNUSED_FUNCTION = YES;
				GCC_WARN_UNUSED_VARIABLE = YES;
				IPHONEOS_DEPLOYMENT_TARGET = 8.0;
				MTL_ENABLE_DEBUG_INFO = YES;
				ONLY_ACTIVE_ARCH = YES;
				SDKROOT = iphoneos;
				SWIFT_ACTIVE_COMPILATION_CONDITIONS = DEBUG;
				SWIFT_OPTIMIZATION_LEVEL = "-Onone";
				TARGETED_DEVICE_FAMILY = "1,2";
				VERSIONING_SYSTEM = "apple-generic";
				VERSION_INFO_PREFIX = "";
			};
			name = Debug;
		};
		A45420331DCE962300ECFC9E /* Release */ = {
			isa = XCBuildConfiguration;
			buildSettings = {
				ALWAYS_SEARCH_USER_PATHS = NO;
				CLANG_ANALYZER_NONNULL = YES;
				CLANG_CXX_LANGUAGE_STANDARD = "gnu++0x";
				CLANG_CXX_LIBRARY = "libc++";
				CLANG_ENABLE_MODULES = YES;
				CLANG_ENABLE_OBJC_ARC = YES;
				CLANG_WARN_BOOL_CONVERSION = YES;
				CLANG_WARN_CONSTANT_CONVERSION = YES;
				CLANG_WARN_DIRECT_OBJC_ISA_USAGE = YES_ERROR;
				CLANG_WARN_DOCUMENTATION_COMMENTS = YES;
				CLANG_WARN_EMPTY_BODY = YES;
				CLANG_WARN_ENUM_CONVERSION = YES;
				CLANG_WARN_INFINITE_RECURSION = YES;
				CLANG_WARN_INT_CONVERSION = YES;
				CLANG_WARN_OBJC_ROOT_CLASS = YES_ERROR;
				CLANG_WARN_SUSPICIOUS_MOVES = YES;
				CLANG_WARN_UNREACHABLE_CODE = YES;
				CLANG_WARN__DUPLICATE_METHOD_MATCH = YES;
				"CODE_SIGN_IDENTITY[sdk=iphoneos*]" = "iPhone Developer";
				COPY_PHASE_STRIP = NO;
				CURRENT_PROJECT_VERSION = 1;
				DEBUG_INFORMATION_FORMAT = "dwarf-with-dsym";
				ENABLE_NS_ASSERTIONS = NO;
				ENABLE_STRICT_OBJC_MSGSEND = YES;
				GCC_C_LANGUAGE_STANDARD = gnu99;
				GCC_NO_COMMON_BLOCKS = YES;
				GCC_WARN_64_TO_32_BIT_CONVERSION = YES;
				GCC_WARN_ABOUT_RETURN_TYPE = YES_ERROR;
				GCC_WARN_UNDECLARED_SELECTOR = YES;
				GCC_WARN_UNINITIALIZED_AUTOS = YES_AGGRESSIVE;
				GCC_WARN_UNUSED_FUNCTION = YES;
				GCC_WARN_UNUSED_VARIABLE = YES;
				IPHONEOS_DEPLOYMENT_TARGET = 8.0;
				MTL_ENABLE_DEBUG_INFO = NO;
				SDKROOT = iphoneos;
				SWIFT_OPTIMIZATION_LEVEL = "-Owholemodule";
				TARGETED_DEVICE_FAMILY = "1,2";
				VALIDATE_PRODUCT = YES;
				VERSIONING_SYSTEM = "apple-generic";
				VERSION_INFO_PREFIX = "";
			};
			name = Release;
		};
		A45420351DCE962300ECFC9E /* Debug */ = {
			isa = XCBuildConfiguration;
			baseConfigurationReference = 2C191DCA4222333283B6D66F /* Pods-DragDropUI.debug.xcconfig */;
			buildSettings = {
				CODE_SIGN_IDENTITY = "";
				DEFINES_MODULE = YES;
				DYLIB_COMPATIBILITY_VERSION = 1;
				DYLIB_CURRENT_VERSION = 1;
				DYLIB_INSTALL_NAME_BASE = "@rpath";
				INFOPLIST_FILE = DragDropUI/Info.plist;
				INSTALL_PATH = "$(LOCAL_LIBRARY_DIR)/Frameworks";
				IPHONEOS_DEPLOYMENT_TARGET = 8.0;
				LD_RUNPATH_SEARCH_PATHS = "$(inherited) @executable_path/Frameworks @loader_path/Frameworks";
				PRODUCT_BUNDLE_IDENTIFIER = com.abdullahselek.DragDropUI;
				PRODUCT_NAME = "$(TARGET_NAME)";
				SKIP_INSTALL = YES;
				SWIFT_VERSION = 3.0;
			};
			name = Debug;
		};
		A45420361DCE962300ECFC9E /* Release */ = {
			isa = XCBuildConfiguration;
			baseConfigurationReference = 72FCCB802003167FE647540E /* Pods-DragDropUI.release.xcconfig */;
			buildSettings = {
				CODE_SIGN_IDENTITY = "";
				DEFINES_MODULE = YES;
				DYLIB_COMPATIBILITY_VERSION = 1;
				DYLIB_CURRENT_VERSION = 1;
				DYLIB_INSTALL_NAME_BASE = "@rpath";
				INFOPLIST_FILE = DragDropUI/Info.plist;
				INSTALL_PATH = "$(LOCAL_LIBRARY_DIR)/Frameworks";
				IPHONEOS_DEPLOYMENT_TARGET = 8.0;
				LD_RUNPATH_SEARCH_PATHS = "$(inherited) @executable_path/Frameworks @loader_path/Frameworks";
				PRODUCT_BUNDLE_IDENTIFIER = com.abdullahselek.DragDropUI;
				PRODUCT_NAME = "$(TARGET_NAME)";
				SKIP_INSTALL = YES;
				SWIFT_VERSION = 3.0;
			};
			name = Release;
		};
		A45420381DCE962300ECFC9E /* Debug */ = {
			isa = XCBuildConfiguration;
			baseConfigurationReference = A41D4AEC82166194AA7D26AA /* Pods-DragDropUITests.debug.xcconfig */;
			buildSettings = {
				INFOPLIST_FILE = DragDropUITests/Info.plist;
				LD_RUNPATH_SEARCH_PATHS = "$(inherited) @executable_path/Frameworks @loader_path/Frameworks";
				PRODUCT_BUNDLE_IDENTIFIER = com.abdullahselek.DragDropUITests;
				PRODUCT_NAME = "$(TARGET_NAME)";
				SWIFT_VERSION = 3.0;
			};
			name = Debug;
		};
		A45420391DCE962300ECFC9E /* Release */ = {
			isa = XCBuildConfiguration;
			baseConfigurationReference = 8912AADA610CD1765F50AFCD /* Pods-DragDropUITests.release.xcconfig */;
			buildSettings = {
				INFOPLIST_FILE = DragDropUITests/Info.plist;
				LD_RUNPATH_SEARCH_PATHS = "$(inherited) @executable_path/Frameworks @loader_path/Frameworks";
				PRODUCT_BUNDLE_IDENTIFIER = com.abdullahselek.DragDropUITests;
				PRODUCT_NAME = "$(TARGET_NAME)";
				SWIFT_VERSION = 3.0;
			};
			name = Release;
		};
/* End XCBuildConfiguration section */

/* Begin XCConfigurationList section */
		A454201A1DCE962300ECFC9E /* Build configuration list for PBXProject "DragDropUI" */ = {
			isa = XCConfigurationList;
			buildConfigurations = (
				A45420321DCE962300ECFC9E /* Debug */,
				A45420331DCE962300ECFC9E /* Release */,
			);
			defaultConfigurationIsVisible = 0;
			defaultConfigurationName = Release;
		};
		A45420341DCE962300ECFC9E /* Build configuration list for PBXNativeTarget "DragDropUI" */ = {
			isa = XCConfigurationList;
			buildConfigurations = (
				A45420351DCE962300ECFC9E /* Debug */,
				A45420361DCE962300ECFC9E /* Release */,
			);
			defaultConfigurationIsVisible = 0;
			defaultConfigurationName = Release;
		};
		A45420371DCE962300ECFC9E /* Build configuration list for PBXNativeTarget "DragDropUITests" */ = {
			isa = XCConfigurationList;
			buildConfigurations = (
				A45420381DCE962300ECFC9E /* Debug */,
				A45420391DCE962300ECFC9E /* Release */,
			);
			defaultConfigurationIsVisible = 0;
			defaultConfigurationName = Release;
		};
/* End XCConfigurationList section */
	};
	rootObject = A45420171DCE962300ECFC9E /* Project object */;
}
